Microsoft Visual Studio Solution File, Format Version 12.00
# Visual Studio Version 17.0
#
# xmake version 2.7.2+HEAD.d88193698
#
#   This file is auto generated by xmake.
#
#   Please DO NOT EDIT since all your modification will lost after re-generation.
#   See https://github.com/xmake-io/xmake/pull/472 for more infomation.
#
VisualStudioVersion = 17.0
MinimumVisualStudioVersion = 10.0.40219.1
Project("{8BC9CEB8-8B4A-11D0-8D11-00A0C91BC942}") = "Coustol", "Coustol\Coustol.vcxproj", "{6F4A7289-AB09-43F0-881A-7981EAEC104C}"
EndProject
Project("{8BC9CEB8-8B4A-11D0-8D11-00A0C91BC942}") = "Coust", "Coust\Coust.vcxproj", "{04BDE6C7-F56F-4698-BA45-645B16A89A87}"
EndProject
Project("{8BC9CEB8-8B4A-11D0-8D11-00A0C91BC942}") = "GLFW", "GLFW\GLFW.vcxproj", "{3EC7D893-B6E4-4659-B609-710C30E2D0DD}"
EndProject
Project("{8BC9CEB8-8B4A-11D0-8D11-00A0C91BC942}") = "Glad", "Glad\Glad.vcxproj", "{6D017E36-3E64-4E4D-A2B5-4C1389F5FDF5}"
EndProject
Project("{8BC9CEB8-8B4A-11D0-8D11-00A0C91BC942}") = "imgui", "imgui\imgui.vcxproj", "{C4C1AA12-E349-4A62-AE81-F3B2FD2A3691}"
EndProject


Project("{2150E333-8FDC-42A3-9474-1A3956D46DE8}") = "Properties", "Properties", "{007754BD-BB1F-452F-A0D8-13EF216C5ED9}"
	ProjectSection(SolutionItems) = preProject
		Xmake.Custom.props = Xmake.Custom.props
		Xmake.Custom.targets = Xmake.Custom.targets
		..\xmake.lua = ..\xmake.lua
	EndProjectSection
EndProject
Global
	GlobalSection(SolutionConfigurationPlatforms) = preSolution
		releasedbg|x64 = releasedbg|x64
		debug|x64 = debug|x64
		release|x64 = release|x64
	EndGlobalSection
	GlobalSection(ProjectConfigurationPlatforms) = postSolution
		{6F4A7289-AB09-43F0-881A-7981EAEC104C}.releasedbg|x64.ActiveCfg = releasedbg|x64
		{6F4A7289-AB09-43F0-881A-7981EAEC104C}.releasedbg|x64.Build.0 = releasedbg|x64
		{04BDE6C7-F56F-4698-BA45-645B16A89A87}.releasedbg|x64.ActiveCfg = releasedbg|x64
		{04BDE6C7-F56F-4698-BA45-645B16A89A87}.releasedbg|x64.Build.0 = releasedbg|x64
		{3EC7D893-B6E4-4659-B609-710C30E2D0DD}.releasedbg|x64.ActiveCfg = releasedbg|x64
		{3EC7D893-B6E4-4659-B609-710C30E2D0DD}.releasedbg|x64.Build.0 = releasedbg|x64
		{6D017E36-3E64-4E4D-A2B5-4C1389F5FDF5}.releasedbg|x64.ActiveCfg = releasedbg|x64
		{6D017E36-3E64-4E4D-A2B5-4C1389F5FDF5}.releasedbg|x64.Build.0 = releasedbg|x64
		{C4C1AA12-E349-4A62-AE81-F3B2FD2A3691}.releasedbg|x64.ActiveCfg = releasedbg|x64
		{C4C1AA12-E349-4A62-AE81-F3B2FD2A3691}.releasedbg|x64.Build.0 = releasedbg|x64
		{6F4A7289-AB09-43F0-881A-7981EAEC104C}.debug|x64.ActiveCfg = debug|x64
		{6F4A7289-AB09-43F0-881A-7981EAEC104C}.debug|x64.Build.0 = debug|x64
		{04BDE6C7-F56F-4698-BA45-645B16A89A87}.debug|x64.ActiveCfg = debug|x64
		{04BDE6C7-F56F-4698-BA45-645B16A89A87}.debug|x64.Build.0 = debug|x64
		{3EC7D893-B6E4-4659-B609-710C30E2D0DD}.debug|x64.ActiveCfg = debug|x64
		{3EC7D893-B6E4-4659-B609-710C30E2D0DD}.debug|x64.Build.0 = debug|x64
		{6D017E36-3E64-4E4D-A2B5-4C1389F5FDF5}.debug|x64.ActiveCfg = debug|x64
		{6D017E36-3E64-4E4D-A2B5-4C1389F5FDF5}.debug|x64.Build.0 = debug|x64
		{C4C1AA12-E349-4A62-AE81-F3B2FD2A3691}.debug|x64.ActiveCfg = debug|x64
		{C4C1AA12-E349-4A62-AE81-F3B2FD2A3691}.debug|x64.Build.0 = debug|x64
		{6F4A7289-AB09-43F0-881A-7981EAEC104C}.release|x64.ActiveCfg = release|x64
		{6F4A7289-AB09-43F0-881A-7981EAEC104C}.release|x64.Build.0 = release|x64
		{04BDE6C7-F56F-4698-BA45-645B16A89A87}.release|x64.ActiveCfg = release|x64
		{04BDE6C7-F56F-4698-BA45-645B16A89A87}.release|x64.Build.0 = release|x64
		{3EC7D893-B6E4-4659-B609-710C30E2D0DD}.release|x64.ActiveCfg = release|x64
		{3EC7D893-B6E4-4659-B609-710C30E2D0DD}.release|x64.Build.0 = release|x64
		{6D017E36-3E64-4E4D-A2B5-4C1389F5FDF5}.release|x64.ActiveCfg = release|x64
		{6D017E36-3E64-4E4D-A2B5-4C1389F5FDF5}.release|x64.Build.0 = release|x64
		{C4C1AA12-E349-4A62-AE81-F3B2FD2A3691}.release|x64.ActiveCfg = release|x64
		{C4C1AA12-E349-4A62-AE81-F3B2FD2A3691}.release|x64.Build.0 = release|x64
	EndGlobalSection
	GlobalSection(SolutionProperties) = preSolution
		HideSolutionNode = FALSE
	EndGlobalSection
	GlobalSection(NestedProjects) = preSolution
	EndGlobalSection
	GlobalSection(ExtensibilityGlobals) = postSolution
		SolutionGuid = {ABDF9D8D-C051-4037-8533-7FBC42248A27}
	EndGlobalSection
EndGlobal
