<?xml version="1.0" encoding="utf-8"?>
<!--
xmake version 2.7.3+HEAD.b35ff3118

  This file is auto generated by xmake.

  Please DO NOT EDIT since all your modification will lost after re-generation.
  See https://github.com/xmake-io/xmake/pull/472 for more infomation.
-->
<Project ToolsVersion="4.0" xmlns="http://schemas.microsoft.com/developer/msbuild/2003">
  <ItemGroup>
    <Filter Include="Properties">
      <UniqueIdentifier>{CC7C6180-942D-056E-3227-E6A2B3FB19CD}</UniqueIdentifier>
    </Filter>
    <Filter Include="Coust">
      <UniqueIdentifier>{04BDE6C7-F56F-4698-BA45-645B16A89A87}</UniqueIdentifier>
    </Filter>
    <Filter Include="Coust\src">
      <UniqueIdentifier>{305754E4-7E8E-498B-B49F-824B85112AF5}</UniqueIdentifier>
    </Filter>
    <Filter Include="Coust\src\Coust">
      <UniqueIdentifier>{B768C0C3-6439-40F9-AAC8-C83AD1F8C160}</UniqueIdentifier>
    </Filter>
    <Filter Include="Coust\src\Coust\Core">
      <UniqueIdentifier>{6E3E3F94-1A21-4173-A9DE-128717A85834}</UniqueIdentifier>
    </Filter>
    <Filter Include="Coust\src\Coust\Event">
      <UniqueIdentifier>{177BA205-E650-4FAC-93C2-174F610A0B35}</UniqueIdentifier>
    </Filter>
    <Filter Include="Coust\src\Coust\Renderer">
      <UniqueIdentifier>{C4211C72-D228-4F8E-9CC3-B7F90C75E4D9}</UniqueIdentifier>
    </Filter>
    <Filter Include="Coust\src\Coust\Renderer\RenderLayer">
      <UniqueIdentifier>{59177886-838F-4F6E-8378-991AF4EB6535}</UniqueIdentifier>
    </Filter>
    <Filter Include="Coust\src\Coust\Renderer\Resources">
      <UniqueIdentifier>{3B4990FD-4D09-48DF-AE51-C93FC69411EE}</UniqueIdentifier>
    </Filter>
    <Filter Include="Coust\src\Coust\Renderer\Vulkan">
      <UniqueIdentifier>{60F0C84C-A5CC-4F4D-BC7F-E8F4F7EF7BD6}</UniqueIdentifier>
    </Filter>
    <Filter Include="Coust\src\Coust\Utils">
      <UniqueIdentifier>{D8C314A1-2A21-4183-81C6-723A9EBF6868}</UniqueIdentifier>
    </Filter>

  </ItemGroup>
  <ItemGroup>
    <None Include="$(MSBuildProjectDirectory)\Xmake.Custom.props">
      <Filter>Properties</Filter>
    </None>
    <None Include="$(MSBuildProjectDirectory)\Xmake.Custom.targets">
      <Filter>Properties</Filter>
    </None>
    <None Include="$(MSBuildProjectDirectory)\Xmake.Custom.items">
      <Filter>Properties</Filter>
    </None>
    <None Include="$(MSBuildProjectDirectory)\Xmake.Custom.items.filters">
      <Filter>Properties</Filter>
    </None>
    <None Include="$(XmakeScriptDir)\xmake.lua">
      <Filter>Properties</Filter>
    </None>
  </ItemGroup>
  <ItemGroup>
    <ClInclude Include="$(XmakeProjectDir)\Coust\src\Coust.h">
      <Filter>Coust\src</Filter>
    </ClInclude>
    <ClInclude Include="$(XmakeProjectDir)\Coust\src\Coust\Core\Application.h">
      <Filter>Coust\src\Coust\Core</Filter>
    </ClInclude>
    <ClInclude Include="$(XmakeProjectDir)\Coust\src\Coust\Core\EntryPoint.h">
      <Filter>Coust\src\Coust\Core</Filter>
    </ClInclude>
    <ClInclude Include="$(XmakeProjectDir)\Coust\src\Coust\Core\Input.h">
      <Filter>Coust\src\Coust\Core</Filter>
    </ClInclude>
    <ClInclude Include="$(XmakeProjectDir)\Coust\src\Coust\Core\KeyCode.h">
      <Filter>Coust\src\Coust\Core</Filter>
    </ClInclude>
    <ClInclude Include="$(XmakeProjectDir)\Coust\src\Coust\Core\Layer.h">
      <Filter>Coust\src\Coust\Core</Filter>
    </ClInclude>
    <ClInclude Include="$(XmakeProjectDir)\Coust\src\Coust\Core\LayerStack.h">
      <Filter>Coust\src\Coust\Core</Filter>
    </ClInclude>
    <ClInclude Include="$(XmakeProjectDir)\Coust\src\Coust\Core\Logger.h">
      <Filter>Coust\src\Coust\Core</Filter>
    </ClInclude>
    <ClInclude Include="$(XmakeProjectDir)\Coust\src\Coust\Core\Window.h">
      <Filter>Coust\src\Coust\Core</Filter>
    </ClInclude>
    <ClInclude Include="$(XmakeProjectDir)\Coust\src\Coust\Event\ApplicationEvent.h">
      <Filter>Coust\src\Coust\Event</Filter>
    </ClInclude>
    <ClInclude Include="$(XmakeProjectDir)\Coust\src\Coust\Event\Event.h">
      <Filter>Coust\src\Coust\Event</Filter>
    </ClInclude>
    <ClInclude Include="$(XmakeProjectDir)\Coust\src\Coust\Event\KeyEvent.h">
      <Filter>Coust\src\Coust\Event</Filter>
    </ClInclude>
    <ClInclude Include="$(XmakeProjectDir)\Coust\src\Coust\Event\MouseEvent.h">
      <Filter>Coust\src\Coust\Event</Filter>
    </ClInclude>
    <ClInclude Include="$(XmakeProjectDir)\Coust\src\Coust\Renderer\RenderBackend.h">
      <Filter>Coust\src\Coust\Renderer</Filter>
    </ClInclude>
    <ClInclude Include="$(XmakeProjectDir)\Coust\src\Coust\Renderer\RenderLayer\RenderLayerBase.h">
      <Filter>Coust\src\Coust\Renderer\RenderLayer</Filter>
    </ClInclude>
    <ClInclude Include="$(XmakeProjectDir)\Coust\src\Coust\Renderer\Resources\Shader.h">
      <Filter>Coust\src\Coust\Renderer\Resources</Filter>
    </ClInclude>
    <ClInclude Include="$(XmakeProjectDir)\Coust\src\Coust\Renderer\Vulkan\VulkanBackend.h">
      <Filter>Coust\src\Coust\Renderer\Vulkan</Filter>
    </ClInclude>
    <ClInclude Include="$(XmakeProjectDir)\Coust\src\Coust\Renderer\Vulkan\VulkanCommandBuffer.h">
      <Filter>Coust\src\Coust\Renderer\Vulkan</Filter>
    </ClInclude>
    <ClInclude Include="$(XmakeProjectDir)\Coust\src\Coust\Renderer\Vulkan\VulkanDescriptorSet.h">
      <Filter>Coust\src\Coust\Renderer\Vulkan</Filter>
    </ClInclude>
    <ClInclude Include="$(XmakeProjectDir)\Coust\src\Coust\Renderer\Vulkan\VulkanFramebuffer.h">
      <Filter>Coust\src\Coust\Renderer\Vulkan</Filter>
    </ClInclude>
    <ClInclude Include="$(XmakeProjectDir)\Coust\src\Coust\Renderer\Vulkan\VulkanPipeline.h">
      <Filter>Coust\src\Coust\Renderer\Vulkan</Filter>
    </ClInclude>
    <ClInclude Include="$(XmakeProjectDir)\Coust\src\Coust\Renderer\Vulkan\VulkanRenderPass.h">
      <Filter>Coust\src\Coust\Renderer\Vulkan</Filter>
    </ClInclude>
    <ClInclude Include="$(XmakeProjectDir)\Coust\src\Coust\Renderer\Vulkan\VulkanStructs.h">
      <Filter>Coust\src\Coust\Renderer\Vulkan</Filter>
    </ClInclude>
    <ClInclude Include="$(XmakeProjectDir)\Coust\src\Coust\Renderer\Vulkan\VulkanSwapchain.h">
      <Filter>Coust\src\Coust\Renderer\Vulkan</Filter>
    </ClInclude>
    <ClInclude Include="$(XmakeProjectDir)\Coust\src\Coust\Renderer\Vulkan\VulkanUtils.h">
      <Filter>Coust\src\Coust\Renderer\Vulkan</Filter>
    </ClInclude>
    <ClInclude Include="$(XmakeProjectDir)\Coust\src\Coust\Utils\FilePath.h">
      <Filter>Coust\src\Coust\Utils</Filter>
    </ClInclude>
    <ClInclude Include="$(XmakeProjectDir)\Coust\src\Coust\Utils\FileStream.h">
      <Filter>Coust\src\Coust\Utils</Filter>
    </ClInclude>
    <ClInclude Include="$(XmakeProjectDir)\Coust\src\Coust\Utils\Timer.h">
      <Filter>Coust\src\Coust\Utils</Filter>
    </ClInclude>
    <ClInclude Include="$(XmakeProjectDir)\Coust\src\pch.h">
      <Filter>Coust\src</Filter>
    </ClInclude>


  </ItemGroup>
  <ItemGroup>

    <ClCompile Include="$(XmakeProjectDir)\Coust\src\Coust\Core\Application.cpp">
      <Filter>Coust\src\Coust\Core</Filter>
    </ClCompile>
    <ClCompile Include="$(XmakeProjectDir)\Coust\src\Coust\Core\Input.cpp">
      <Filter>Coust\src\Coust\Core</Filter>
    </ClCompile>
    <ClCompile Include="$(XmakeProjectDir)\Coust\src\Coust\Core\LayerStack.cpp">
      <Filter>Coust\src\Coust\Core</Filter>
    </ClCompile>
    <ClCompile Include="$(XmakeProjectDir)\Coust\src\Coust\Core\Logger.cpp">
      <Filter>Coust\src\Coust\Core</Filter>
    </ClCompile>
    <ClCompile Include="$(XmakeProjectDir)\Coust\src\Coust\Core\Window.cpp">
      <Filter>Coust\src\Coust\Core</Filter>
    </ClCompile>
    <ClCompile Include="$(XmakeProjectDir)\Coust\src\Coust\Event\Event.cpp">
      <Filter>Coust\src\Coust\Event</Filter>
    </ClCompile>
    <ClCompile Include="$(XmakeProjectDir)\Coust\src\Coust\Renderer\RenderBackend.cpp">
      <Filter>Coust\src\Coust\Renderer</Filter>
    </ClCompile>
    <ClCompile Include="$(XmakeProjectDir)\Coust\src\Coust\Renderer\Resources\Shader.cpp">
      <Filter>Coust\src\Coust\Renderer\Resources</Filter>
    </ClCompile>
    <ClCompile Include="$(XmakeProjectDir)\Coust\src\Coust\Renderer\Vulkan\VmaBuild.cpp">
      <Filter>Coust\src\Coust\Renderer\Vulkan</Filter>
    </ClCompile>
    <ClCompile Include="$(XmakeProjectDir)\Coust\src\Coust\Renderer\Vulkan\VolkBuild.cpp">
      <Filter>Coust\src\Coust\Renderer\Vulkan</Filter>
    </ClCompile>
    <ClCompile Include="$(XmakeProjectDir)\Coust\src\Coust\Renderer\Vulkan\VulkanBackend.cpp">
      <Filter>Coust\src\Coust\Renderer\Vulkan</Filter>
    </ClCompile>
    <ClCompile Include="$(XmakeProjectDir)\Coust\src\Coust\Renderer\Vulkan\VulkanCommandBuffer.cpp">
      <Filter>Coust\src\Coust\Renderer\Vulkan</Filter>
    </ClCompile>
    <ClCompile Include="$(XmakeProjectDir)\Coust\src\Coust\Renderer\Vulkan\VulkanDescriptorSet.cpp">
      <Filter>Coust\src\Coust\Renderer\Vulkan</Filter>
    </ClCompile>
    <ClCompile Include="$(XmakeProjectDir)\Coust\src\Coust\Renderer\Vulkan\VulkanFramebuffer.cpp">
      <Filter>Coust\src\Coust\Renderer\Vulkan</Filter>
    </ClCompile>
    <ClCompile Include="$(XmakeProjectDir)\Coust\src\Coust\Renderer\Vulkan\VulkanPipeline.cpp">
      <Filter>Coust\src\Coust\Renderer\Vulkan</Filter>
    </ClCompile>
    <ClCompile Include="$(XmakeProjectDir)\Coust\src\Coust\Renderer\Vulkan\VulkanRenderPass.cpp">
      <Filter>Coust\src\Coust\Renderer\Vulkan</Filter>
    </ClCompile>
    <ClCompile Include="$(XmakeProjectDir)\Coust\src\Coust\Renderer\Vulkan\VulkanSwapchain.cpp">
      <Filter>Coust\src\Coust\Renderer\Vulkan</Filter>
    </ClCompile>
    <ClCompile Include="$(XmakeProjectDir)\Coust\src\Coust\Renderer\Vulkan\VulkanUtils.cpp">
      <Filter>Coust\src\Coust\Renderer\Vulkan</Filter>
    </ClCompile>
    <ClCompile Include="$(XmakeProjectDir)\Coust\src\Coust\Utils\FilePath.cpp">
      <Filter>Coust\src\Coust\Utils</Filter>
    </ClCompile>
    <ClCompile Include="$(XmakeProjectDir)\Coust\src\Coust\Utils\FileStream.cpp">
      <Filter>Coust\src\Coust\Utils</Filter>
    </ClCompile>
    <ClCompile Include="$(XmakeProjectDir)\Coust\src\pch.cpp">
      <Filter>Coust\src</Filter>
    </ClCompile>



  </ItemGroup>
  <ItemGroup>

  </ItemGroup>
  <ItemGroup>


  </ItemGroup>
  <Import Condition="Exists('$(MSBuildThisFileDirectory)\Xmake.Custom.files.filters')"
    Project="$(MSBuildThisFileDirectory)\Xmake.Custom.files.filters" />
</Project>
