<?xml version="1.0" encoding="utf-8"?>
<!--
xmake version 2.7.2+HEAD.d88193698

  This file is auto generated by xmake.

  Please DO NOT EDIT since all your modification will lost after re-generation.
  See https://github.com/xmake-io/xmake/pull/472 for more infomation.
-->
<Project ToolsVersion="4.0" xmlns="http://schemas.microsoft.com/developer/msbuild/2003">
  <ItemGroup>
    <Filter Include="Properties">
      <UniqueIdentifier>{CC7C6180-942D-056E-3227-E6A2B3FB19CD}</UniqueIdentifier>
    </Filter>
    <Filter Include="Coust">
      <UniqueIdentifier>{04BDE6C7-F56F-4698-BA45-645B16A89A87}</UniqueIdentifier>
    </Filter>
    <Filter Include="Coust\src">
      <UniqueIdentifier>{305754E4-7E8E-498B-B49F-824B85112AF5}</UniqueIdentifier>
    </Filter>
    <Filter Include="Coust\src\Coust">
      <UniqueIdentifier>{B768C0C3-6439-40F9-AAC8-C83AD1F8C160}</UniqueIdentifier>
    </Filter>
    <Filter Include="Coust\src\Coust\Event">
      <UniqueIdentifier>{177BA205-E650-4FAC-93C2-174F610A0B35}</UniqueIdentifier>
    </Filter>
    <Filter Include="Coust\src\Coust\ImGui">
      <UniqueIdentifier>{F174F065-90ED-40FD-BF7C-268996F489C1}</UniqueIdentifier>
    </Filter>
    <Filter Include="Coust\src\Coust\Renderer">
      <UniqueIdentifier>{C4211C72-D228-4F8E-9CC3-B7F90C75E4D9}</UniqueIdentifier>
    </Filter>
    <Filter Include="Coust\src\Coust\Renderer\Vulkan">
      <UniqueIdentifier>{60F0C84C-A5CC-4F4D-BC7F-E8F4F7EF7BD6}</UniqueIdentifier>
    </Filter>

  </ItemGroup>
  <ItemGroup>
    <None Include="$(MSBuildProjectDirectory)\Xmake.Custom.props">
      <Filter>Properties</Filter>
    </None>
    <None Include="$(MSBuildProjectDirectory)\Xmake.Custom.targets">
      <Filter>Properties</Filter>
    </None>
    <None Include="$(MSBuildProjectDirectory)\Xmake.Custom.items">
      <Filter>Properties</Filter>
    </None>
    <None Include="$(MSBuildProjectDirectory)\Xmake.Custom.items.filters">
      <Filter>Properties</Filter>
    </None>
    <None Include="$(XmakeScriptDir)\xmake.lua">
      <Filter>Properties</Filter>
    </None>
  </ItemGroup>
  <ItemGroup>
    <ClInclude Include="$(XmakeProjectDir)\Coust\src\Coust.h">
      <Filter>Coust\src</Filter>
    </ClInclude>
    <ClInclude Include="$(XmakeProjectDir)\Coust\src\Coust\Application.h">
      <Filter>Coust\src\Coust</Filter>
    </ClInclude>
    <ClInclude Include="$(XmakeProjectDir)\Coust\src\Coust\EntryPoint.h">
      <Filter>Coust\src\Coust</Filter>
    </ClInclude>
    <ClInclude Include="$(XmakeProjectDir)\Coust\src\Coust\Event\ApplicationEvent.h">
      <Filter>Coust\src\Coust\Event</Filter>
    </ClInclude>
    <ClInclude Include="$(XmakeProjectDir)\Coust\src\Coust\Event\Event.h">
      <Filter>Coust\src\Coust\Event</Filter>
    </ClInclude>
    <ClInclude Include="$(XmakeProjectDir)\Coust\src\Coust\Event\KeyEvent.h">
      <Filter>Coust\src\Coust\Event</Filter>
    </ClInclude>
    <ClInclude Include="$(XmakeProjectDir)\Coust\src\Coust\Event\MouseEvent.h">
      <Filter>Coust\src\Coust\Event</Filter>
    </ClInclude>
    <ClInclude Include="$(XmakeProjectDir)\Coust\src\Coust\FilePath.h">
      <Filter>Coust\src\Coust</Filter>
    </ClInclude>
    <ClInclude Include="$(XmakeProjectDir)\Coust\src\Coust\ImGui\ImGuiLayer.h">
      <Filter>Coust\src\Coust\ImGui</Filter>
    </ClInclude>
    <ClInclude Include="$(XmakeProjectDir)\Coust\src\Coust\Input.h">
      <Filter>Coust\src\Coust</Filter>
    </ClInclude>
    <ClInclude Include="$(XmakeProjectDir)\Coust\src\Coust\KeyCode.h">
      <Filter>Coust\src\Coust</Filter>
    </ClInclude>
    <ClInclude Include="$(XmakeProjectDir)\Coust\src\Coust\Layer.h">
      <Filter>Coust\src\Coust</Filter>
    </ClInclude>
    <ClInclude Include="$(XmakeProjectDir)\Coust\src\Coust\LayerStack.h">
      <Filter>Coust\src\Coust</Filter>
    </ClInclude>
    <ClInclude Include="$(XmakeProjectDir)\Coust\src\Coust\Logger.h">
      <Filter>Coust\src\Coust</Filter>
    </ClInclude>
    <ClInclude Include="$(XmakeProjectDir)\Coust\src\Coust\Renderer\Renderer.h">
      <Filter>Coust\src\Coust\Renderer</Filter>
    </ClInclude>
    <ClInclude Include="$(XmakeProjectDir)\Coust\src\Coust\Renderer\Vulkan\VulkanBackend.h">
      <Filter>Coust\src\Coust\Renderer\Vulkan</Filter>
    </ClInclude>
    <ClInclude Include="$(XmakeProjectDir)\Coust\src\Coust\Renderer\Vulkan\VulkanUtils.h">
      <Filter>Coust\src\Coust\Renderer\Vulkan</Filter>
    </ClInclude>
    <ClInclude Include="$(XmakeProjectDir)\Coust\src\Coust\Timer.h">
      <Filter>Coust\src\Coust</Filter>
    </ClInclude>
    <ClInclude Include="$(XmakeProjectDir)\Coust\src\Coust\Window.h">
      <Filter>Coust\src\Coust</Filter>
    </ClInclude>
    <ClInclude Include="$(XmakeProjectDir)\Coust\src\pch.h">
      <Filter>Coust\src</Filter>
    </ClInclude>


  </ItemGroup>
  <ItemGroup>

    <ClCompile Include="$(XmakeProjectDir)\Coust\src\Coust\Application.cpp">
      <Filter>Coust\src\Coust</Filter>
    </ClCompile>
    <ClCompile Include="$(XmakeProjectDir)\Coust\src\Coust\Event\Event.cpp">
      <Filter>Coust\src\Coust\Event</Filter>
    </ClCompile>
    <ClCompile Include="$(XmakeProjectDir)\Coust\src\Coust\ImGui\ImGuiLayer.cpp">
      <Filter>Coust\src\Coust\ImGui</Filter>
    </ClCompile>
    <ClCompile Include="$(XmakeProjectDir)\Coust\src\Coust\Input.cpp">
      <Filter>Coust\src\Coust</Filter>
    </ClCompile>
    <ClCompile Include="$(XmakeProjectDir)\Coust\src\Coust\LayerStack.cpp">
      <Filter>Coust\src\Coust</Filter>
    </ClCompile>
    <ClCompile Include="$(XmakeProjectDir)\Coust\src\Coust\Logger.cpp">
      <Filter>Coust\src\Coust</Filter>
    </ClCompile>
    <ClCompile Include="$(XmakeProjectDir)\Coust\src\Coust\Renderer\Renderer.cpp">
      <Filter>Coust\src\Coust\Renderer</Filter>
    </ClCompile>
    <ClCompile Include="$(XmakeProjectDir)\Coust\src\Coust\Renderer\Vulkan\VmaBuild.cpp">
      <Filter>Coust\src\Coust\Renderer\Vulkan</Filter>
    </ClCompile>
    <ClCompile Include="$(XmakeProjectDir)\Coust\src\Coust\Renderer\Vulkan\VolkBuild.cpp">
      <Filter>Coust\src\Coust\Renderer\Vulkan</Filter>
    </ClCompile>
    <ClCompile Include="$(XmakeProjectDir)\Coust\src\Coust\Renderer\Vulkan\VulkanBackend.cpp">
      <Filter>Coust\src\Coust\Renderer\Vulkan</Filter>
    </ClCompile>
    <ClCompile Include="$(XmakeProjectDir)\Coust\src\Coust\Window.cpp">
      <Filter>Coust\src\Coust</Filter>
    </ClCompile>
    <ClCompile Include="$(XmakeProjectDir)\Coust\src\Coust\pch.cpp">
      <Filter>Coust\src\Coust</Filter>
    </ClCompile>
    <ClCompile Include="$(XmakeProjectDir)\Coust\src\pch.cpp">
      <Filter>Coust\src</Filter>
    </ClCompile>



  </ItemGroup>
  <ItemGroup>

  </ItemGroup>
  <ItemGroup>


  </ItemGroup>
  <Import Condition="Exists('$(MSBuildThisFileDirectory)\Xmake.Custom.files.filters')"
    Project="$(MSBuildThisFileDirectory)\Xmake.Custom.files.filters" />
</Project>
