<?xml version="1.0" encoding="utf-8"?>
<!--
xmake version 2.7.6+master.882cb4e03

  This file is auto generated by xmake.

  Please DO NOT EDIT since all your modification will lost after re-generation.
  See https://github.com/xmake-io/xmake/pull/472 for more infomation.
-->
<Project ToolsVersion="4.0" xmlns="http://schemas.microsoft.com/developer/msbuild/2003">
  <ItemGroup>
    <Filter Include="Properties">
      <UniqueIdentifier>{CC7C6180-942D-056E-3227-E6A2B3FB19CD}</UniqueIdentifier>
    </Filter>
    <Filter Include="Coust">
      <UniqueIdentifier>{04BDE6C7-F56F-4698-BA45-645B16A89A87}</UniqueIdentifier>
    </Filter>
    <Filter Include="Coust\src">
      <UniqueIdentifier>{305754E4-7E8E-498B-B49F-824B85112AF5}</UniqueIdentifier>
    </Filter>
    <Filter Include="Coust\src\Coust">
      <UniqueIdentifier>{B768C0C3-6439-40F9-AAC8-C83AD1F8C160}</UniqueIdentifier>
    </Filter>
    <Filter Include="Coust\src\Coust\Core">
      <UniqueIdentifier>{6E3E3F94-1A21-4173-A9DE-128717A85834}</UniqueIdentifier>
    </Filter>
    <Filter Include="Coust\src\Coust\Event">
      <UniqueIdentifier>{177BA205-E650-4FAC-93C2-174F610A0B35}</UniqueIdentifier>
    </Filter>
    <Filter Include="Coust\src\Coust\Render">
      <UniqueIdentifier>{3E6ED90A-C6AD-4A3E-BDA2-7A31D5086946}</UniqueIdentifier>
    </Filter>
    <Filter Include="Coust\src\Coust\Render\Resources">
      <UniqueIdentifier>{94DA1750-FA1E-4002-9445-68778FDEC295}</UniqueIdentifier>
    </Filter>
    <Filter Include="Coust\src\Coust\Render\Vulkan">
      <UniqueIdentifier>{B939D6EB-C39A-4BEC-8CBF-CAA49524F9D3}</UniqueIdentifier>
    </Filter>
    <Filter Include="Coust\src\Coust\Utils">
      <UniqueIdentifier>{D8C314A1-2A21-4183-81C6-723A9EBF6868}</UniqueIdentifier>
    </Filter>

  </ItemGroup>
  <ItemGroup>
    <None Include="$(MSBuildProjectDirectory)\Xmake.Custom.props">
      <Filter>Properties</Filter>
    </None>
    <None Include="$(MSBuildProjectDirectory)\Xmake.Custom.targets">
      <Filter>Properties</Filter>
    </None>
    <None Include="$(MSBuildProjectDirectory)\Xmake.Custom.items">
      <Filter>Properties</Filter>
    </None>
    <None Include="$(MSBuildProjectDirectory)\Xmake.Custom.items.filters">
      <Filter>Properties</Filter>
    </None>
    <None Include="$(XmakeScriptDir)\xmake.lua">
      <Filter>Properties</Filter>
    </None>
  </ItemGroup>
  <ItemGroup>
    <ClInclude Include="$(XmakeProjectDir)\Coust\src\Coust.h">
      <Filter>Coust\src</Filter>
    </ClInclude>
    <ClInclude Include="$(XmakeProjectDir)\Coust\src\Coust\Core\Application.h">
      <Filter>Coust\src\Coust\Core</Filter>
    </ClInclude>
    <ClInclude Include="$(XmakeProjectDir)\Coust\src\Coust\Core\EntryPoint.h">
      <Filter>Coust\src\Coust\Core</Filter>
    </ClInclude>
    <ClInclude Include="$(XmakeProjectDir)\Coust\src\Coust\Core\GlobalContext.h">
      <Filter>Coust\src\Coust\Core</Filter>
    </ClInclude>
    <ClInclude Include="$(XmakeProjectDir)\Coust\src\Coust\Core\Input.h">
      <Filter>Coust\src\Coust\Core</Filter>
    </ClInclude>
    <ClInclude Include="$(XmakeProjectDir)\Coust\src\Coust\Core\KeyCode.h">
      <Filter>Coust\src\Coust\Core</Filter>
    </ClInclude>
    <ClInclude Include="$(XmakeProjectDir)\Coust\src\Coust\Core\Layer.h">
      <Filter>Coust\src\Coust\Core</Filter>
    </ClInclude>
    <ClInclude Include="$(XmakeProjectDir)\Coust\src\Coust\Core\LayerStack.h">
      <Filter>Coust\src\Coust\Core</Filter>
    </ClInclude>
    <ClInclude Include="$(XmakeProjectDir)\Coust\src\Coust\Core\Logger.h">
      <Filter>Coust\src\Coust\Core</Filter>
    </ClInclude>
    <ClInclude Include="$(XmakeProjectDir)\Coust\src\Coust\Core\Window.h">
      <Filter>Coust\src\Coust\Core</Filter>
    </ClInclude>
    <ClInclude Include="$(XmakeProjectDir)\Coust\src\Coust\Event\ApplicationEvent.h">
      <Filter>Coust\src\Coust\Event</Filter>
    </ClInclude>
    <ClInclude Include="$(XmakeProjectDir)\Coust\src\Coust\Event\Event.h">
      <Filter>Coust\src\Coust\Event</Filter>
    </ClInclude>
    <ClInclude Include="$(XmakeProjectDir)\Coust\src\Coust\Event\KeyEvent.h">
      <Filter>Coust\src\Coust\Event</Filter>
    </ClInclude>
    <ClInclude Include="$(XmakeProjectDir)\Coust\src\Coust\Event\MouseEvent.h">
      <Filter>Coust\src\Coust\Event</Filter>
    </ClInclude>
    <ClInclude Include="$(XmakeProjectDir)\Coust\src\Coust\Render\Driver.h">
      <Filter>Coust\src\Coust\Render</Filter>
    </ClInclude>
    <ClInclude Include="$(XmakeProjectDir)\Coust\src\Coust\Render\Resources\Shader.h">
      <Filter>Coust\src\Coust\Render\Resources</Filter>
    </ClInclude>
    <ClInclude Include="$(XmakeProjectDir)\Coust\src\Coust\Render\Vulkan\VulkanCommandBuffer.h">
      <Filter>Coust\src\Coust\Render\Vulkan</Filter>
    </ClInclude>
    <ClInclude Include="$(XmakeProjectDir)\Coust\src\Coust\Render\Vulkan\VulkanContext.h">
      <Filter>Coust\src\Coust\Render\Vulkan</Filter>
    </ClInclude>
    <ClInclude Include="$(XmakeProjectDir)\Coust\src\Coust\Render\Vulkan\VulkanDescriptorSet.h">
      <Filter>Coust\src\Coust\Render\Vulkan</Filter>
    </ClInclude>
    <ClInclude Include="$(XmakeProjectDir)\Coust\src\Coust\Render\Vulkan\VulkanDriver.h">
      <Filter>Coust\src\Coust\Render\Vulkan</Filter>
    </ClInclude>
    <ClInclude Include="$(XmakeProjectDir)\Coust\src\Coust\Render\Vulkan\VulkanFramebuffer.h">
      <Filter>Coust\src\Coust\Render\Vulkan</Filter>
    </ClInclude>
    <ClInclude Include="$(XmakeProjectDir)\Coust\src\Coust\Render\Vulkan\VulkanPipeline.h">
      <Filter>Coust\src\Coust\Render\Vulkan</Filter>
    </ClInclude>
    <ClInclude Include="$(XmakeProjectDir)\Coust\src\Coust\Render\Vulkan\VulkanRenderPass.h">
      <Filter>Coust\src\Coust\Render\Vulkan</Filter>
    </ClInclude>
    <ClInclude Include="$(XmakeProjectDir)\Coust\src\Coust\Render\Vulkan\VulkanSwapchain.h">
      <Filter>Coust\src\Coust\Render\Vulkan</Filter>
    </ClInclude>
    <ClInclude Include="$(XmakeProjectDir)\Coust\src\Coust\Render\Vulkan\VulkanUtils.h">
      <Filter>Coust\src\Coust\Render\Vulkan</Filter>
    </ClInclude>
    <ClInclude Include="$(XmakeProjectDir)\Coust\src\Coust\Utils\FileSystem.h">
      <Filter>Coust\src\Coust\Utils</Filter>
    </ClInclude>
    <ClInclude Include="$(XmakeProjectDir)\Coust\src\Coust\Utils\Hash.h">
      <Filter>Coust\src\Coust\Utils</Filter>
    </ClInclude>
    <ClInclude Include="$(XmakeProjectDir)\Coust\src\Coust\Utils\Timer.h">
      <Filter>Coust\src\Coust\Utils</Filter>
    </ClInclude>
    <ClInclude Include="$(XmakeProjectDir)\Coust\src\pch.h">
      <Filter>Coust\src</Filter>
    </ClInclude>


  </ItemGroup>
  <ItemGroup>

    <ClCompile Include="$(XmakeProjectDir)\Coust\src\Coust\Core\Application.cpp">
      <Filter>Coust\src\Coust\Core</Filter>
    </ClCompile>
    <ClCompile Include="$(XmakeProjectDir)\Coust\src\Coust\Core\GlobalContext.cpp">
      <Filter>Coust\src\Coust\Core</Filter>
    </ClCompile>
    <ClCompile Include="$(XmakeProjectDir)\Coust\src\Coust\Core\Input.cpp">
      <Filter>Coust\src\Coust\Core</Filter>
    </ClCompile>
    <ClCompile Include="$(XmakeProjectDir)\Coust\src\Coust\Core\LayerStack.cpp">
      <Filter>Coust\src\Coust\Core</Filter>
    </ClCompile>
    <ClCompile Include="$(XmakeProjectDir)\Coust\src\Coust\Core\Logger.cpp">
      <Filter>Coust\src\Coust\Core</Filter>
    </ClCompile>
    <ClCompile Include="$(XmakeProjectDir)\Coust\src\Coust\Core\Window.cpp">
      <Filter>Coust\src\Coust\Core</Filter>
    </ClCompile>
    <ClCompile Include="$(XmakeProjectDir)\Coust\src\Coust\Event\Event.cpp">
      <Filter>Coust\src\Coust\Event</Filter>
    </ClCompile>
    <ClCompile Include="$(XmakeProjectDir)\Coust\src\Coust\Render\Driver.cpp">
      <Filter>Coust\src\Coust\Render</Filter>
    </ClCompile>
    <ClCompile Include="$(XmakeProjectDir)\Coust\src\Coust\Render\Resources\Shader.cpp">
      <Filter>Coust\src\Coust\Render\Resources</Filter>
    </ClCompile>
    <ClCompile Include="$(XmakeProjectDir)\Coust\src\Coust\Render\Vulkan\VmaBuild.cpp">
      <Filter>Coust\src\Coust\Render\Vulkan</Filter>
    </ClCompile>
    <ClCompile Include="$(XmakeProjectDir)\Coust\src\Coust\Render\Vulkan\VolkBuild.cpp">
      <Filter>Coust\src\Coust\Render\Vulkan</Filter>
    </ClCompile>
    <ClCompile Include="$(XmakeProjectDir)\Coust\src\Coust\Render\Vulkan\VulkanCommandBuffer.cpp">
      <Filter>Coust\src\Coust\Render\Vulkan</Filter>
    </ClCompile>
    <ClCompile Include="$(XmakeProjectDir)\Coust\src\Coust\Render\Vulkan\VulkanDescriptorSet.cpp">
      <Filter>Coust\src\Coust\Render\Vulkan</Filter>
    </ClCompile>
    <ClCompile Include="$(XmakeProjectDir)\Coust\src\Coust\Render\Vulkan\VulkanDriver.cpp">
      <Filter>Coust\src\Coust\Render\Vulkan</Filter>
    </ClCompile>
    <ClCompile Include="$(XmakeProjectDir)\Coust\src\Coust\Render\Vulkan\VulkanFramebuffer.cpp">
      <Filter>Coust\src\Coust\Render\Vulkan</Filter>
    </ClCompile>
    <ClCompile Include="$(XmakeProjectDir)\Coust\src\Coust\Render\Vulkan\VulkanPipeline.cpp">
      <Filter>Coust\src\Coust\Render\Vulkan</Filter>
    </ClCompile>
    <ClCompile Include="$(XmakeProjectDir)\Coust\src\Coust\Render\Vulkan\VulkanRenderPass.cpp">
      <Filter>Coust\src\Coust\Render\Vulkan</Filter>
    </ClCompile>
    <ClCompile Include="$(XmakeProjectDir)\Coust\src\Coust\Render\Vulkan\VulkanSwapchain.cpp">
      <Filter>Coust\src\Coust\Render\Vulkan</Filter>
    </ClCompile>
    <ClCompile Include="$(XmakeProjectDir)\Coust\src\Coust\Render\Vulkan\VulkanUtils.cpp">
      <Filter>Coust\src\Coust\Render\Vulkan</Filter>
    </ClCompile>
    <ClCompile Include="$(XmakeProjectDir)\Coust\src\Coust\Utils\FileSystem.cpp">
      <Filter>Coust\src\Coust\Utils</Filter>
    </ClCompile>
    <ClCompile Include="$(XmakeProjectDir)\Coust\src\pch.cpp">
      <Filter>Coust\src</Filter>
    </ClCompile>



  </ItemGroup>
  <ItemGroup>

  </ItemGroup>
  <ItemGroup>


  </ItemGroup>
  <Import Condition="Exists('$(MSBuildThisFileDirectory)\Xmake.Custom.files.filters')"
    Project="$(MSBuildThisFileDirectory)\Xmake.Custom.files.filters" />
</Project>
