<?xml version="1.0" encoding="utf-8"?>
<!--
xmake version 2.7.6+master.882cb4e03

  This file is auto generated by xmake.

  Please DO NOT EDIT since all your modification will lost after re-generation.
  See https://github.com/xmake-io/xmake/pull/472 for more infomation.
-->
<Project ToolsVersion="4.0" xmlns="http://schemas.microsoft.com/developer/msbuild/2003">
  <ItemGroup>
    <Filter Include="Properties">
      <UniqueIdentifier>{CC7C6180-942D-056E-3227-E6A2B3FB19CD}</UniqueIdentifier>
    </Filter>
    <Filter Include="Coust">
      <UniqueIdentifier>{04BDE6C7-F56F-4698-BA45-645B16A89A87}</UniqueIdentifier>
    </Filter>
    <Filter Include="Coust\third_party">
      <UniqueIdentifier>{E5CE9B48-99A8-40CA-8474-9A01969128F0}</UniqueIdentifier>
    </Filter>
    <Filter Include="Coust\third_party\glad">
      <UniqueIdentifier>{97A7951D-B020-45BC-850D-07BFB7080865}</UniqueIdentifier>
    </Filter>
    <Filter Include="Coust\third_party\glad\src">
      <UniqueIdentifier>{7177F6ED-44D1-41D4-A0C0-09AB2E328259}</UniqueIdentifier>
    </Filter>

  </ItemGroup>
  <ItemGroup>
    <None Include="$(MSBuildProjectDirectory)\Xmake.Custom.props">
      <Filter>Properties</Filter>
    </None>
    <None Include="$(MSBuildProjectDirectory)\Xmake.Custom.targets">
      <Filter>Properties</Filter>
    </None>
    <None Include="$(MSBuildProjectDirectory)\Xmake.Custom.items">
      <Filter>Properties</Filter>
    </None>
    <None Include="$(MSBuildProjectDirectory)\Xmake.Custom.items.filters">
      <Filter>Properties</Filter>
    </None>
    <None Include="$(XmakeScriptDir)\xmake.lua">
      <Filter>Properties</Filter>
    </None>
  </ItemGroup>
  <ItemGroup>


  </ItemGroup>
  <ItemGroup>
    <ClCompile Include="$(XmakeProjectDir)\Coust\third_party\glad\src\glad.c">
      <Filter>Coust\third_party\glad\src</Filter>
    </ClCompile>




  </ItemGroup>
  <ItemGroup>

  </ItemGroup>
  <ItemGroup>


  </ItemGroup>
  <Import Condition="Exists('$(MSBuildThisFileDirectory)\Xmake.Custom.files.filters')"
    Project="$(MSBuildThisFileDirectory)\Xmake.Custom.files.filters" />
</Project>
