<?xml version="1.0" encoding="utf-8"?>
<!--
xmake version 2.7.1+HEAD.0162040cd

  This file is auto generated by xmake.

  Please DO NOT EDIT since all your modification will lost after re-generation.
  See https://github.com/xmake-io/xmake/pull/472 for more infomation.
-->
<Project ToolsVersion="4.0" xmlns="http://schemas.microsoft.com/developer/msbuild/2003">
  <ItemGroup>
    <Filter Include="Properties">
      <UniqueIdentifier>{CC7C6180-942D-056E-3227-E6A2B3FB19CD}</UniqueIdentifier>
    </Filter>
    <Filter Include="Coust">
      <UniqueIdentifier>{04BDE6C7-F56F-4698-BA45-645B16A89A87}</UniqueIdentifier>
    </Filter>
    <Filter Include="Coust\third_party">
      <UniqueIdentifier>{E5CE9B48-99A8-40CA-8474-9A01969128F0}</UniqueIdentifier>
    </Filter>
    <Filter Include="Coust\third_party\GLFW">
      <UniqueIdentifier>{53A80643-5B2E-42CF-B9A0-58160EA67733}</UniqueIdentifier>
    </Filter>
    <Filter Include="Coust\third_party\GLFW\include">
      <UniqueIdentifier>{324D7968-DDA5-42DA-8E48-4C0F9D58B859}</UniqueIdentifier>
    </Filter>
    <Filter Include="Coust\third_party\GLFW\include\GLFW">
      <UniqueIdentifier>{28D1C124-8FF8-4FC1-8390-ED758EED4859}</UniqueIdentifier>
    </Filter>
    <Filter Include="Coust\third_party\GLFW\src">
      <UniqueIdentifier>{BB9CEF01-A685-4443-B9B4-1B2C8533109A}</UniqueIdentifier>
    </Filter>

  </ItemGroup>
  <ItemGroup>
    <None Include="$(MSBuildProjectDirectory)\Xmake.Custom.props">
      <Filter>Properties</Filter>
    </None>
    <None Include="$(MSBuildProjectDirectory)\Xmake.Custom.targets">
      <Filter>Properties</Filter>
    </None>
    <None Include="$(MSBuildProjectDirectory)\Xmake.Custom.items">
      <Filter>Properties</Filter>
    </None>
    <None Include="$(MSBuildProjectDirectory)\Xmake.Custom.items.filters">
      <Filter>Properties</Filter>
    </None>
    <None Include="$(XmakeScriptDir)\xmake.lua">
      <Filter>Properties</Filter>
    </None>
  </ItemGroup>
  <ItemGroup>
    <ClInclude Include="$(XmakeProjectDir)\Coust\third_party\GLFW\include\GLFW\glfw3.h">
      <Filter>Coust\third_party\GLFW\include\GLFW</Filter>
    </ClInclude>
    <ClInclude Include="$(XmakeProjectDir)\Coust\third_party\GLFW\include\GLFW\glfw3native.h">
      <Filter>Coust\third_party\GLFW\include\GLFW</Filter>
    </ClInclude>


  </ItemGroup>
  <ItemGroup>
    <ClCompile Include="$(XmakeProjectDir)\Coust\third_party\GLFW\src\context.c">
      <Filter>Coust\third_party\GLFW\src</Filter>
    </ClCompile>
    <ClCompile Include="$(XmakeProjectDir)\Coust\third_party\GLFW\src\egl_context.c">
      <Filter>Coust\third_party\GLFW\src</Filter>
    </ClCompile>
    <ClCompile Include="$(XmakeProjectDir)\Coust\third_party\GLFW\src\init.c">
      <Filter>Coust\third_party\GLFW\src</Filter>
    </ClCompile>
    <ClCompile Include="$(XmakeProjectDir)\Coust\third_party\GLFW\src\input.c">
      <Filter>Coust\third_party\GLFW\src</Filter>
    </ClCompile>
    <ClCompile Include="$(XmakeProjectDir)\Coust\third_party\GLFW\src\monitor.c">
      <Filter>Coust\third_party\GLFW\src</Filter>
    </ClCompile>
    <ClCompile Include="$(XmakeProjectDir)\Coust\third_party\GLFW\src\null_init.c">
      <Filter>Coust\third_party\GLFW\src</Filter>
    </ClCompile>
    <ClCompile Include="$(XmakeProjectDir)\Coust\third_party\GLFW\src\null_joystick.c">
      <Filter>Coust\third_party\GLFW\src</Filter>
    </ClCompile>
    <ClCompile Include="$(XmakeProjectDir)\Coust\third_party\GLFW\src\null_monitor.c">
      <Filter>Coust\third_party\GLFW\src</Filter>
    </ClCompile>
    <ClCompile Include="$(XmakeProjectDir)\Coust\third_party\GLFW\src\null_window.c">
      <Filter>Coust\third_party\GLFW\src</Filter>
    </ClCompile>
    <ClCompile Include="$(XmakeProjectDir)\Coust\third_party\GLFW\src\osmesa_context.c">
      <Filter>Coust\third_party\GLFW\src</Filter>
    </ClCompile>
    <ClCompile Include="$(XmakeProjectDir)\Coust\third_party\GLFW\src\platform.c">
      <Filter>Coust\third_party\GLFW\src</Filter>
    </ClCompile>
    <ClCompile Include="$(XmakeProjectDir)\Coust\third_party\GLFW\src\vulkan.c">
      <Filter>Coust\third_party\GLFW\src</Filter>
    </ClCompile>
    <ClCompile Include="$(XmakeProjectDir)\Coust\third_party\GLFW\src\wgl_context.c">
      <Filter>Coust\third_party\GLFW\src</Filter>
    </ClCompile>
    <ClCompile Include="$(XmakeProjectDir)\Coust\third_party\GLFW\src\win32_init.c">
      <Filter>Coust\third_party\GLFW\src</Filter>
    </ClCompile>
    <ClCompile Include="$(XmakeProjectDir)\Coust\third_party\GLFW\src\win32_joystick.c">
      <Filter>Coust\third_party\GLFW\src</Filter>
    </ClCompile>
    <ClCompile Include="$(XmakeProjectDir)\Coust\third_party\GLFW\src\win32_module.c">
      <Filter>Coust\third_party\GLFW\src</Filter>
    </ClCompile>
    <ClCompile Include="$(XmakeProjectDir)\Coust\third_party\GLFW\src\win32_monitor.c">
      <Filter>Coust\third_party\GLFW\src</Filter>
    </ClCompile>
    <ClCompile Include="$(XmakeProjectDir)\Coust\third_party\GLFW\src\win32_thread.c">
      <Filter>Coust\third_party\GLFW\src</Filter>
    </ClCompile>
    <ClCompile Include="$(XmakeProjectDir)\Coust\third_party\GLFW\src\win32_time.c">
      <Filter>Coust\third_party\GLFW\src</Filter>
    </ClCompile>
    <ClCompile Include="$(XmakeProjectDir)\Coust\third_party\GLFW\src\win32_window.c">
      <Filter>Coust\third_party\GLFW\src</Filter>
    </ClCompile>
    <ClCompile Include="$(XmakeProjectDir)\Coust\third_party\GLFW\src\window.c">
      <Filter>Coust\third_party\GLFW\src</Filter>
    </ClCompile>




  </ItemGroup>
  <ItemGroup>

  </ItemGroup>
  <ItemGroup>


  </ItemGroup>
  <Import Condition="Exists('$(MSBuildThisFileDirectory)\Xmake.Custom.files.filters')"
    Project="$(MSBuildThisFileDirectory)\Xmake.Custom.files.filters" />
</Project>
